
Microsoft Visual Studio Solution File, Format Version 12.00
# Visual Studio Version 17
VisualStudioVersion = 17.2.32519.379
MinimumVisualStudioVersion = 10.0.40219.1
Project("{FAE04EC0-301F-11D3-BF4B-00C04F79EFBC}") = "ZoneOfCarRace", "ZoneOfCarRace.csproj", "{8B6FBAF2-24BD-48DB-BE0C-B2286FB44BAB}"
EndProject
Global
	GlobalSection(SolutionConfigurationPlatforms) = preSolution
		Debug|Any CPU = Debug|Any CPU
		Release|Any CPU = Release|Any CPU
	EndGlobalSection
	GlobalSection(ProjectConfigurationPlatforms) = postSolution
		{8B6FBAF2-24BD-48DB-BE0C-B2286FB44BAB}.Debug|Any CPU.ActiveCfg = Debug|Any CPU
		{8B6FBAF2-24BD-48DB-BE0C-B2286FB44BAB}.Debug|Any CPU.Build.0 = Debug|Any CPU
		{8B6FBAF2-24BD-48DB-BE0C-B2286FB44BAB}.Release|Any CPU.ActiveCfg = Release|Any CPU
		{8B6FBAF2-24BD-48DB-BE0C-B2286FB44BAB}.Release|Any CPU.Build.0 = Release|Any CPU
	EndGlobalSection
	GlobalSection(SolutionProperties) = preSolution
		HideSolutionNode = FALSE
	EndGlobalSection
	GlobalSection(ExtensibilityGlobals) = postSolution
		SolutionGuid = {57C5762A-E687-4CD6-B1A3-6874EBA7CDF9}
	EndGlobalSection
EndGlobal
